// !$*UTF8*$!
{
	archiveVersion = 1;
	classes = {
	};
	objectVersion = 46;
	objects = {

/* Begin PBXBuildFile section */
		075968631F4946310097107E /* AppDelegate.swift in Sources */ = {isa = PBXBuildFile; fileRef = 075968621F4946310097107E /* AppDelegate.swift */; };
		075968651F4946310097107E /* ViewController.swift in Sources */ = {isa = PBXBuildFile; fileRef = 075968641F4946310097107E /* ViewController.swift */; };
		075968681F4946310097107E /* Main.storyboard in Resources */ = {isa = PBXBuildFile; fileRef = 075968661F4946310097107E /* Main.storyboard */; };
		0759686A1F4946310097107E /* Assets.xcassets in Resources */ = {isa = PBXBuildFile; fileRef = 075968691F4946310097107E /* Assets.xcassets */; };
		0759686D1F4946310097107E /* LaunchScreen.storyboard in Resources */ = {isa = PBXBuildFile; fileRef = 0759686B1F4946310097107E /* LaunchScreen.storyboard */; };
		BF14683C95F535AE2C53C86A /* Pods_Imagga.framework in Frameworks */ = {isa = PBXBuildFile; fileRef = 1B7194D03638C2F249FF36F1 /* Pods_Imagga.framework */; };
/* End PBXBuildFile section */

/* Begin PBXFileReference section */
		0759685F1F4946310097107E /* Imagga.app */ = {isa = PBXFileReference; explicitFileType = wrapper.application; includeInIndex = 0; path = Imagga.app; sourceTree = BUILT_PRODUCTS_DIR; };
		075968621F4946310097107E /* AppDelegate.swift */ = {isa = PBXFileReference; lastKnownFileType = sourcecode.swift; path = AppDelegate.swift; sourceTree = "<group>"; };
		075968641F4946310097107E /* ViewController.swift */ = {isa = PBXFileReference; lastKnownFileType = sourcecode.swift; path = ViewController.swift; sourceTree = "<group>"; };
		075968671F4946310097107E /* Base */ = {isa = PBXFileReference; lastKnownFileType = file.storyboard; name = Base; path = Base.lproj/Main.storyboard; sourceTree = "<group>"; };
		075968691F4946310097107E /* Assets.xcassets */ = {isa = PBXFileReference; lastKnownFileType = folder.assetcatalog; path = Assets.xcassets; sourceTree = "<group>"; };
		0759686C1F4946310097107E /* Base */ = {isa = PBXFileReference; lastKnownFileType = file.storyboard; name = Base; path = Base.lproj/LaunchScreen.storyboard; sourceTree = "<group>"; };
		0759686E1F4946310097107E /* Info.plist */ = {isa = PBXFileReference; lastKnownFileType = text.plist.xml; path = Info.plist; sourceTree = "<group>"; };
		1B7194D03638C2F249FF36F1 /* Pods_Imagga.framework */ = {isa = PBXFileReference; explicitFileType = wrapper.framework; includeInIndex = 0; path = Pods_Imagga.framework; sourceTree = BUILT_PRODUCTS_DIR; };
		259CCE5A92C4C5FED48EE513 /* Pods-Imagga.release.xcconfig */ = {isa = PBXFileReference; includeInIndex = 1; lastKnownFileType = text.xcconfig; name = "Pods-Imagga.release.xcconfig"; path = "Pods/Target Support Files/Pods-Imagga/Pods-Imagga.release.xcconfig"; sourceTree = "<group>"; };
		EF564970A3CD3A8335AE9A56 /* Pods-Imagga.debug.xcconfig */ = {isa = PBXFileReference; includeInIndex = 1; lastKnownFileType = text.xcconfig; name = "Pods-Imagga.debug.xcconfig"; path = "Pods/Target Support Files/Pods-Imagga/Pods-Imagga.debug.xcconfig"; sourceTree = "<group>"; };
/* End PBXFileReference section */

/* Begin PBXFrameworksBuildPhase section */
		0759685C1F4946310097107E /* Frameworks */ = {
			isa = PBXFrameworksBuildPhase;
			buildActionMask = 2147483647;
			files = (
				BF14683C95F535AE2C53C86A /* Pods_Imagga.framework in Frameworks */,
			);
			runOnlyForDeploymentPostprocessing = 0;
		};
/* End PBXFrameworksBuildPhase section */

/* Begin PBXGroup section */
		075968561F4946310097107E = {
			isa = PBXGroup;
			children = (
				075968611F4946310097107E /* Imagga */,
				075968601F4946310097107E /* Products */,
				79969596C931E4C9E524D530 /* Pods */,
				C59403A3AE25FD09DE83374F /* Frameworks */,
			);
			sourceTree = "<group>";
		};
		075968601F4946310097107E /* Products */ = {
			isa = PBXGroup;
			children = (
				0759685F1F4946310097107E /* Imagga.app */,
			);
			name = Products;
			sourceTree = "<group>";
		};
		075968611F4946310097107E /* Imagga */ = {
			isa = PBXGroup;
			children = (
				075968621F4946310097107E /* AppDelegate.swift */,
				075968641F4946310097107E /* ViewController.swift */,
				075968661F4946310097107E /* Main.storyboard */,
				075968691F4946310097107E /* Assets.xcassets */,
				0759686B1F4946310097107E /* LaunchScreen.storyboard */,
				0759686E1F4946310097107E /* Info.plist */,
			);
			path = Imagga;
			sourceTree = "<group>";
		};
		79969596C931E4C9E524D530 /* Pods */ = {
			isa = PBXGroup;
			children = (
				EF564970A3CD3A8335AE9A56 /* Pods-Imagga.debug.xcconfig */,
				259CCE5A92C4C5FED48EE513 /* Pods-Imagga.release.xcconfig */,
			);
			name = Pods;
			sourceTree = "<group>";
		};
		C59403A3AE25FD09DE83374F /* Frameworks */ = {
			isa = PBXGroup;
			children = (
				1B7194D03638C2F249FF36F1 /* Pods_Imagga.framework */,
			);
			name = Frameworks;
			sourceTree = "<group>";
		};
/* End PBXGroup section */

/* Begin PBXNativeTarget section */
		0759685E1F4946310097107E /* Imagga */ = {
			isa = PBXNativeTarget;
			buildConfigurationList = 075968711F4946310097107E /* Build configuration list for PBXNativeTarget "Imagga" */;
			buildPhases = (
				9D712FB736B2CB6887E90B91 /* [CP] Check Pods Manifest.lock */,
				0759685B1F4946310097107E /* Sources */,
				0759685C1F4946310097107E /* Frameworks */,
				0759685D1F4946310097107E /* Resources */,
				EF444B51CE4198BC82DE398E /* [CP] Embed Pods Frameworks */,
				E1EBCBED6F11739993FAE80F /* [CP] Copy Pods Resources */,
			);
			buildRules = (
			);
			dependencies = (
			);
			name = Imagga;
			productName = Imagga;
			productReference = 0759685F1F4946310097107E /* Imagga.app */;
			productType = "com.apple.product-type.application";
		};
/* End PBXNativeTarget section */

/* Begin PBXProject section */
		075968571F4946310097107E /* Project object */ = {
			isa = PBXProject;
			attributes = {
				LastSwiftUpdateCheck = 0830;
				LastUpgradeCheck = 0830;
				ORGANIZATIONNAME = "Mustafa Yusuf";
				TargetAttributes = {
					0759685E1F4946310097107E = {
						CreatedOnToolsVersion = 8.3.3;
						DevelopmentTeam = 6B89WP5H2R;
						LastSwiftMigration = 0830;
						ProvisioningStyle = Automatic;
					};
				};
			};
			buildConfigurationList = 0759685A1F4946310097107E /* Build configuration list for PBXProject "Imagga" */;
			compatibilityVersion = "Xcode 3.2";
			developmentRegion = English;
			hasScannedForEncodings = 0;
			knownRegions = (
				en,
				Base,
			);
			mainGroup = 075968561F4946310097107E;
			productRefGroup = 075968601F4946310097107E /* Products */;
			projectDirPath = "";
			projectRoot = "";
			targets = (
				0759685E1F4946310097107E /* Imagga */,
			);
		};
/* End PBXProject section */

/* Begin PBXResourcesBuildPhase section */
		0759685D1F4946310097107E /* Resources */ = {
			isa = PBXResourcesBuildPhase;
			buildActionMask = 2147483647;
			files = (
				0759686D1F4946310097107E /* LaunchScreen.storyboard in Resources */,
				0759686A1F4946310097107E /* Assets.xcassets in Resources */,
				075968681F4946310097107E /* Main.storyboard in Resources */,
			);
			runOnlyForDeploymentPostprocessing = 0;
		};
/* End PBXResourcesBuildPhase section */

/* Begin PBXShellScriptBuildPhase section */
		9D712FB736B2CB6887E90B91 /* [CP] Check Pods Manifest.lock */ = {
			isa = PBXShellScriptBuildPhase;
			buildActionMask = 2147483647;
			files = (
			);
			inputPaths = (
			);
			name = "[CP] Check Pods Manifest.lock";
			outputPaths = (
			);
			runOnlyForDeploymentPostprocessing = 0;
			shellPath = /bin/sh;
			shellScript = "diff \"${PODS_ROOT}/../Podfile.lock\" \"${PODS_ROOT}/Manifest.lock\" > /dev/null\nif [[ $? != 0 ]] ; then\n    cat << EOM\nerror: The sandbox is not in sync with the Podfile.lock. Run 'pod install' or update your CocoaPods installation.\nEOM\n    exit 1\nfi\n";
			showEnvVarsInLog = 0;
		};
		E1EBCBED6F11739993FAE80F /* [CP] Copy Pods Resources */ = {
			isa = PBXShellScriptBuildPhase;
			buildActionMask = 2147483647;
			files = (
			);
			inputPaths = (
			);
			name = "[CP] Copy Pods Resources";
			outputPaths = (
			);
			runOnlyForDeploymentPostprocessing = 0;
			shellPath = /bin/sh;
			shellScript = "\"${SRCROOT}/Pods/Target Support Files/Pods-Imagga/Pods-Imagga-resources.sh\"\n";
			showEnvVarsInLog = 0;
		};
		EF444B51CE4198BC82DE398E /* [CP] Embed Pods Frameworks */ = {
			isa = PBXShellScriptBuildPhase;
			buildActionMask = 2147483647;
			files = (
			);
			inputPaths = (
			);
			name = "[CP] Embed Pods Frameworks";
			outputPaths = (
			);
			runOnlyForDeploymentPostprocessing = 0;
			shellPath = /bin/sh;
			shellScript = "\"${SRCROOT}/Pods/Target Support Files/Pods-Imagga/Pods-Imagga-frameworks.sh\"\n";
			showEnvVarsInLog = 0;
		};
/* End PBXShellScriptBuildPhase section */

/* Begin PBXSourcesBuildPhase section */
		0759685B1F4946310097107E /* Sources */ = {
			isa = PBXSourcesBuildPhase;
			buildActionMask = 2147483647;
			files = (
				075968651F4946310097107E /* ViewController.swift in Sources */,
				075968631F4946310097107E /* AppDelegate.swift in Sources */,
			);
			runOnlyForDeploymentPostprocessing = 0;
		};
/* End PBXSourcesBuildPhase section */

/* Begin PBXVariantGroup section */
		075968661F4946310097107E /* Main.storyboard */ = {
			isa = PBXVariantGroup;
			children = (
				075968671F4946310097107E /* Base */,
			);
			name = Main.storyboard;
			sourceTree = "<group>";
		};
		0759686B1F4946310097107E /* LaunchScreen.storyboard */ = {
			isa = PBXVariantGroup;
			children = (
				0759686C1F4946310097107E /* Base */,
			);
			name = LaunchScreen.storyboard;
			sourceTree = "<group>";
		};
/* End PBXVariantGroup section */

/* Begin XCBuildConfiguration section */
		0759686F1F4946310097107E /* Debug */ = {
			isa = XCBuildConfiguration;
			buildSettings = {
				ALWAYS_SEARCH_USER_PATHS = NO;
				CLANG_ANALYZER_NONNULL = YES;
				CLANG_ANALYZER_NUMBER_OBJECT_CONVERSION = YES_AGGRESSIVE;
				CLANG_CXX_LANGUAGE_STANDARD = "gnu++0x";
				CLANG_CXX_LIBRARY = "libc++";
				CLANG_ENABLE_MODULES = YES;
				CLANG_ENABLE_OBJC_ARC = YES;
				CLANG_WARN_BOOL_CONVERSION = YES;
				CLANG_WARN_CONSTANT_CONVERSION = YES;
				CLANG_WARN_DIRECT_OBJC_ISA_USAGE = YES_ERROR;
				CLANG_WARN_DOCUMENTATION_COMMENTS = YES;
				CLANG_WARN_EMPTY_BODY = YES;
				CLANG_WARN_ENUM_CONVERSION = YES;
				CLANG_WARN_INFINITE_RECURSION = YES;
				CLANG_WARN_INT_CONVERSION = YES;
				CLANG_WARN_OBJC_ROOT_CLASS = YES_ERROR;
				CLANG_WARN_SUSPICIOUS_MOVE = YES;
				CLANG_WARN_UNREACHABLE_CODE = YES;
				CLANG_WARN__DUPLICATE_METHOD_MATCH = YES;
				"CODE_SIGN_IDENTITY[sdk=iphoneos*]" = "iPhone Developer";
				COPY_PHASE_STRIP = NO;
				DEBUG_INFORMATION_FORMAT = dwarf;
				ENABLE_STRICT_OBJC_MSGSEND = YES;
				ENABLE_TESTABILITY = YES;
				GCC_C_LANGUAGE_STANDARD = gnu99;
				GCC_DYNAMIC_NO_PIC = NO;
				GCC_NO_COMMON_BLOCKS = YES;
				GCC_OPTIMIZATION_LEVEL = 0;
				GCC_PREPROCESSOR_DEFINITIONS = (
					"DEBUG=1",
					"$(inherited)",
				);
				GCC_WARN_64_TO_32_BIT_CONVERSION = YES;
				GCC_WARN_ABOUT_RETURN_TYPE = YES_ERROR;
				GCC_WARN_UNDECLARED_SELECTOR = YES;
				GCC_WARN_UNINITIALIZED_AUTOS = YES_AGGRESSIVE;
				GCC_WARN_UNUSED_FUNCTION = YES;
				GCC_WARN_UNUSED_VARIABLE = YES;
				IPHONEOS_DEPLOYMENT_TARGET = 10.3;
				MTL_ENABLE_DEBUG_INFO = YES;
				ONLY_ACTIVE_ARCH = YES;
				SDKROOT = iphoneos;
				SWIFT_ACTIVE_COMPILATION_CONDITIONS = DEBUG;
				SWIFT_OPTIMIZATION_LEVEL = "-Onone";
				TARGETED_DEVICE_FAMILY = "1,2";
			};
			name = Debug;
		};
		075968701F4946310097107E /* Release */ = {
			isa = XCBuildConfiguration;
			buildSettings = {
				ALWAYS_SEARCH_USER_PATHS = NO;
				CLANG_ANALYZER_NONNULL = YES;
				CLANG_ANALYZER_NUMBER_OBJECT_CONVERSION = YES_AGGRESSIVE;
				CLANG_CXX_LANGUAGE_STANDARD = "gnu++0x";
				CLANG_CXX_LIBRARY = "libc++";
				CLANG_ENABLE_MODULES = YES;
				CLANG_ENABLE_OBJC_ARC = YES;
				CLANG_WARN_BOOL_CONVERSION = YES;
				CLANG_WARN_CONSTANT_CONVERSION = YES;
				CLANG_WARN_DIRECT_OBJC_ISA_USAGE = YES_ERROR;
				CLANG_WARN_DOCUMENTATION_COMMENTS = YES;
				CLANG_WARN_EMPTY_BODY = YES;
				CLANG_WARN_ENUM_CONVERSION = YES;
				CLANG_WARN_INFINITE_RECURSION = YES;
				CLANG_WARN_INT_CONVERSION = YES;
				CLANG_WARN_OBJC_ROOT_CLASS = YES_ERROR;
				CLANG_WARN_SUSPICIOUS_MOVE = YES;
				CLANG_WARN_UNREACHABLE_CODE = YES;
				CLANG_WARN__DUPLICATE_METHOD_MATCH = YES;
				"CODE_SIGN_IDENTITY[sdk=iphoneos*]" = "iPhone Developer";
				COPY_PHASE_STRIP = NO;
				DEBUG_INFORMATION_FORMAT = "dwarf-with-dsym";
				ENABLE_NS_ASSERTIONS = NO;
				ENABLE_STRICT_OBJC_MSGSEND = YES;
				GCC_C_LANGUAGE_STANDARD = gnu99;
				GCC_NO_COMMON_BLOCKS = YES;
				GCC_WARN_64_TO_32_BIT_CONVERSION = YES;
				GCC_WARN_ABOUT_RETURN_TYPE = YES_ERROR;
				GCC_WARN_UNDECLARED_SELECTOR = YES;
				GCC_WARN_UNINITIALIZED_AUTOS = YES_AGGRESSIVE;
				GCC_WARN_UNUSED_FUNCTION = YES;
				GCC_WARN_UNUSED_VARIABLE = YES;
				IPHONEOS_DEPLOYMENT_TARGET = 10.3;
				MTL_ENABLE_DEBUG_INFO = NO;
				SDKROOT = iphoneos;
				SWIFT_OPTIMIZATION_LEVEL = "-Owholemodule";
				TARGETED_DEVICE_FAMILY = "1,2";
				VALIDATE_PRODUCT = YES;
			};
			name = Release;
		};
		075968721F4946310097107E /* Debug */ = {
			isa = XCBuildConfiguration;
			baseConfigurationReference = EF564970A3CD3A8335AE9A56 /* Pods-Imagga.debug.xcconfig */;
			buildSettings = {
				ALWAYS_EMBED_SWIFT_STANDARD_LIBRARIES = YES;
				ASSETCATALOG_COMPILER_APPICON_NAME = AppIcon;
				DEVELOPMENT_TEAM = 6B89WP5H2R;
				INFOPLIST_FILE = Imagga/Info.plist;
				LD_RUNPATH_SEARCH_PATHS = "$(inherited) @executable_path/Frameworks";
				PRODUCT_BUNDLE_IDENTIFIER = com.MYC.Imagga;
				PRODUCT_NAME = "$(TARGET_NAME)";
				SWIFT_VERSION = 3.0;
			};
			name = Debug;
		};
		075968731F4946310097107E /* Release */ = {
			isa = XCBuildConfiguration;
			baseConfigurationReference = 259CCE5A92C4C5FED48EE513 /* Pods-Imagga.release.xcconfig */;
			buildSettings = {
				ALWAYS_EMBED_SWIFT_STANDARD_LIBRARIES = YES;
				ASSETCATALOG_COMPILER_APPICON_NAME = AppIcon;
				DEVELOPMENT_TEAM = 6B89WP5H2R;
				INFOPLIST_FILE = Imagga/Info.plist;
				LD_RUNPATH_SEARCH_PATHS = "$(inherited) @executable_path/Frameworks";
				PRODUCT_BUNDLE_IDENTIFIER = com.MYC.Imagga;
				PRODUCT_NAME = "$(TARGET_NAME)";
				SWIFT_VERSION = 3.0;
			};
			name = Release;
		};
/* End XCBuildConfiguration section */

/* Begin XCConfigurationList section */
		0759685A1F4946310097107E /* Build configuration list for PBXProject "Imagga" */ = {
			isa = XCConfigurationList;
			buildConfigurations = (
				0759686F1F4946310097107E /* Debug */,
				075968701F4946310097107E /* Release */,
			);
			defaultConfigurationIsVisible = 0;
			defaultConfigurationName = Release;
		};
		075968711F4946310097107E /* Build configuration list for PBXNativeTarget "Imagga" */ = {
			isa = XCConfigurationList;
			buildConfigurations = (
				075968721F4946310097107E /* Debug */,
				075968731F4946310097107E /* Release */,
			);
			defaultConfigurationIsVisible = 0;
			defaultConfigurationName = Release;
		};
/* End XCConfigurationList section */
	};
	rootObject = 075968571F4946310097107E /* Project object */;
}
